// !$*UTF8*$!
{
	archiveVersion = 1;
	classes = {
	};
	objectVersion = 77;
	objects = {

/* Begin PBXBuildFile section */
		E71CA97C2E310F45000AFDE0 /* Assets.xcassets in Resources */ = {isa = PBXBuildFile; fileRef = E71CA9782E310F45000AFDE0 /* Assets.xcassets */; };
		E71CA97D2E310F45000AFDE0 /* MainView.swift in Sources */ = {isa = PBXBuildFile; fileRef = E71CA9792E310F45000AFDE0 /* MainView.swift */; };
		E71CA97E2E310F45000AFDE0 /* TravelScheduleApp.swift in Sources */ = {isa = PBXBuildFile; fileRef = E71CA97A2E310F45000AFDE0 /* TravelScheduleApp.swift */; };
		E71CA9862E3118CF000AFDE0 /* OpenAPIRuntime in Frameworks */ = {isa = PBXBuildFile; productRef = E71CA9852E3118CF000AFDE0 /* OpenAPIRuntime */; };
		E71CA9892E3118F4000AFDE0 /* OpenAPIURLSession in Frameworks */ = {isa = PBXBuildFile; productRef = E71CA9882E3118F4000AFDE0 /* OpenAPIURLSession */; };
		E71CA98F2E312190000AFDE0 /* openapi.yaml in Resources */ = {isa = PBXBuildFile; fileRef = E71CA98E2E312185000AFDE0 /* openapi.yaml */; };
		E71CA9932E312200000AFDE0 /* openapi-generator-config.yaml in Resources */ = {isa = PBXBuildFile; fileRef = E71CA9922E3121FB000AFDE0 /* openapi-generator-config.yaml */; };
		E71CA9A32E312DEA000AFDE0 /* NearestStationsService.swift in Sources */ = {isa = PBXBuildFile; fileRef = E71CA9A22E312DE2000AFDE0 /* NearestStationsService.swift */; };
		E71CA9C52E32AFB6000AFDE0 /* CopyrightService.swift in Sources */ = {isa = PBXBuildFile; fileRef = E71CA9C42E32AFAF000AFDE0 /* CopyrightService.swift */; };
		E71CA9D82E33553D000AFDE0 /* AllStationsService.swift in Sources */ = {isa = PBXBuildFile; fileRef = E71CA9D42E335537000AFDE0 /* AllStationsService.swift */; };
		E71CAA0D2E3381D8000AFDE0 /* CarrierService.swift in Sources */ = {isa = PBXBuildFile; fileRef = E71CAA092E3381D1000AFDE0 /* CarrierService.swift */; };
		E71CAA172E338D67000AFDE0 /* NearestSettlementService.swift in Sources */ = {isa = PBXBuildFile; fileRef = E71CAA162E338D5C000AFDE0 /* NearestSettlementService.swift */; };
		E71CAA222E33B1E1000AFDE0 /* ThreadService.swift in Sources */ = {isa = PBXBuildFile; fileRef = E71CAA212E33B1DD000AFDE0 /* ThreadService.swift */; };
		E71CAA282E33CCE1000AFDE0 /* ScheduleService.swift in Sources */ = {isa = PBXBuildFile; fileRef = E71CAA272E33CCDC000AFDE0 /* ScheduleService.swift */; };
		E71CAA332E33E833000AFDE0 /* SearchService.swift in Sources */ = {isa = PBXBuildFile; fileRef = E71CAA322E33E82B000AFDE0 /* SearchService.swift */; };
		E71CAA4B2E379072000AFDE0 /* APIKeyMiddleware.swift in Sources */ = {isa = PBXBuildFile; fileRef = E71CAA472E379068000AFDE0 /* APIKeyMiddleware.swift */; };
		E74DCC622E39F68B00A0C415 /* LaunchScreen.storyboard in Resources */ = {isa = PBXBuildFile; fileRef = E74DCC612E39F68B00A0C415 /* LaunchScreen.storyboard */; };
		E74DCC8D2E3A115E00A0C415 /* SettingsView.swift in Sources */ = {isa = PBXBuildFile; fileRef = E74DCC8B2E3A115C00A0C415 /* SettingsView.swift */; };
		E74DCC982E3A134D00A0C415 /* ScheduleNavigationRootView.swift in Sources */ = {isa = PBXBuildFile; fileRef = E74DCC942E3A133F00A0C415 /* ScheduleNavigationRootView.swift */; };
		E74DCCA62E3A142E00A0C415 /* ScheduleNavigationViewModel.swift in Sources */ = {isa = PBXBuildFile; fileRef = E74DCCA22E3A142A00A0C415 /* ScheduleNavigationViewModel.swift */; };
		E74DCCB02E3A157100A0C415 /* TimeInterval.swift in Sources */ = {isa = PBXBuildFile; fileRef = E74DCCAF2E3A156900A0C415 /* TimeInterval.swift */; };
		E7CB388A2E3A296C00099A59 /* LocationType.swift in Sources */ = {isa = PBXBuildFile; fileRef = E7CB38862E3A291300099A59 /* LocationType.swift */; };
		E7CB38AE2E3A327D00099A59 /* PageType.swift in Sources */ = {isa = PBXBuildFile; fileRef = E7CB38AD2E3A327D00099A59 /* PageType.swift */; };
		E7CB39222E3A56C100099A59 /* ChevronItemListView.swift in Sources */ = {isa = PBXBuildFile; fileRef = E7CB391E2E3A56A100099A59 /* ChevronItemListView.swift */; };
		E7CB39712E3A9A0A00099A59 /* CitySelectionView.swift in Sources */ = {isa = PBXBuildFile; fileRef = E7CB396F2E3A9A0600099A59 /* CitySelectionView.swift */; };
		E7CB39772E3A9A1100099A59 /* StationSelectionView.swift in Sources */ = {isa = PBXBuildFile; fileRef = E7CB39742E3A9A0D00099A59 /* StationSelectionView.swift */; };
		E7CB39B62E3AB37500099A59 /* ThreadUIModel.swift in Sources */ = {isa = PBXBuildFile; fileRef = E7CB39B52E3AB36600099A59 /* ThreadUIModel.swift */; };
		E7CB39BF2E3AB40900099A59 /* ThreadSelectionView.swift in Sources */ = {isa = PBXBuildFile; fileRef = E7CB39BB2E3AB40300099A59 /* ThreadSelectionView.swift */; };
		E7CB39DF2E3B343E00099A59 /* NavigationBackButton.swift in Sources */ = {isa = PBXBuildFile; fileRef = E7CB39DB2E3B343800099A59 /* NavigationBackButton.swift */; };
		E7CB3A9B2E3B564F00099A59 /* ThreadsViewModel.swift in Sources */ = {isa = PBXBuildFile; fileRef = E7CB3A982E3B564800099A59 /* ThreadsViewModel.swift */; };
		E7CB3A9F2E3B568100099A59 /* Thread.swift in Sources */ = {isa = PBXBuildFile; fileRef = E7CB3A9E2E3B567C00099A59 /* Thread.swift */; };
		E7CB3AA82E3B5BC100099A59 /* Carrier.swift in Sources */ = {isa = PBXBuildFile; fileRef = E7CB3AA72E3B5BBF00099A59 /* Carrier.swift */; };
		E7CB3ABA2E3B5EF400099A59 /* ThreadModelUIMapper.swift in Sources */ = {isa = PBXBuildFile; fileRef = E7CB3AB92E3B5EEE00099A59 /* ThreadModelUIMapper.swift */; };
		E7CB3ADA2E3B6CBB00099A59 /* TimeSpecifierView.swift in Sources */ = {isa = PBXBuildFile; fileRef = E7CB3AD82E3B6CAF00099A59 /* TimeSpecifierView.swift */; };
		E7CB3AE52E3B6DF400099A59 /* TimeIntervalUIMapper.swift in Sources */ = {isa = PBXBuildFile; fileRef = E7CB3AE22E3B6DEF00099A59 /* TimeIntervalUIMapper.swift */; };
		E7CB3AEB2E3B6E0400099A59 /* TimeIntervalUIModel.swift in Sources */ = {isa = PBXBuildFile; fileRef = E7CB3AEA2E3B6DFF00099A59 /* TimeIntervalUIModel.swift */; };
		E7CB3B212E3BEE0100099A59 /* CarrierDetailView.swift in Sources */ = {isa = PBXBuildFile; fileRef = E7CB3B1E2E3BEDF600099A59 /* CarrierDetailView.swift */; };
		E7CB3B742E3CAC8800099A59 /* StationsAndCitiesProvider.swift in Sources */ = {isa = PBXBuildFile; fileRef = E7CB3B732E3CAC8100099A59 /* StationsAndCitiesProvider.swift */; };
		E7CB3B8B2E3CB5D700099A59 /* City.swift in Sources */ = {isa = PBXBuildFile; fileRef = E7CB3B8A2E3CB5D400099A59 /* City.swift */; };
		E7CB3B8F2E3CB5DC00099A59 /* Station.swift in Sources */ = {isa = PBXBuildFile; fileRef = E7CB3B8E2E3CB5DA00099A59 /* Station.swift */; };
		E7CB3B962E3CB9BA00099A59 /* APIStationsAndCitiesMapper.swift in Sources */ = {isa = PBXBuildFile; fileRef = E7CB3B952E3CB9AF00099A59 /* APIStationsAndCitiesMapper.swift */; };
		E7CB3B9F2E3CC3DD00099A59 /* DataLoadingState.swift in Sources */ = {isa = PBXBuildFile; fileRef = E7CB3B9E2E3CC3D700099A59 /* DataLoadingState.swift */; };
		E7CB3C0A2E3CFDBC00099A59 /* ThreadsProvider.swift in Sources */ = {isa = PBXBuildFile; fileRef = E7CB3C092E3CFDB200099A59 /* ThreadsProvider.swift */; };
		E7CB3C0E2E3D03AA00099A59 /* APIThreadMapper.swift in Sources */ = {isa = PBXBuildFile; fileRef = E7CB3C0D2E3D03A200099A59 /* APIThreadMapper.swift */; };
		E7CB3C642E40CDFA00099A59 /* RelativeTimePoint.swift in Sources */ = {isa = PBXBuildFile; fileRef = E7CB3C632E40CDEE00099A59 /* RelativeTimePoint.swift */; };
		E7CB3CA92E40FB3900099A59 /* DataFetchingError.swift in Sources */ = {isa = PBXBuildFile; fileRef = E7CB3CA82E40FB3400099A59 /* DataFetchingError.swift */; };
		E7CB3D922E41ECD500099A59 /* ErrorView.swift in Sources */ = {isa = PBXBuildFile; fileRef = E7CB3D912E41ECD200099A59 /* ErrorView.swift */; };
		E7CD1ED12E45DDDF00A88980 /* StoriesMainVM.swift in Sources */ = {isa = PBXBuildFile; fileRef = E7CD1ED02E45DDDA00A88980 /* StoriesMainVM.swift */; };
		E7CD1ED62E45DDE800A88980 /* StoriesPreviewVM.swift in Sources */ = {isa = PBXBuildFile; fileRef = E7CD1ED32E45DDE200A88980 /* StoriesPreviewVM.swift */; };
		E7CD1EDB2E45DDF800A88980 /* StoriesFlowVM.swift in Sources */ = {isa = PBXBuildFile; fileRef = E7CD1ED82E45DDEC00A88980 /* StoriesFlowVM.swift */; };
		E7CD1EE42E45DE2400A88980 /* Story.swift in Sources */ = {isa = PBXBuildFile; fileRef = E7CD1EE32E45DE2200A88980 /* Story.swift */; };
		E7CD1EEA2E45DE2C00A88980 /* StoryPageContent.swift in Sources */ = {isa = PBXBuildFile; fileRef = E7CD1EE72E45DE2700A88980 /* StoryPageContent.swift */; };
		E7CD1EEE2E45DE3900A88980 /* StoryAuthor.swift in Sources */ = {isa = PBXBuildFile; fileRef = E7CD1EEC2E45DE2F00A88980 /* StoryAuthor.swift */; };
		E7CD1EF22E45DE5000A88980 /* StoriesPreview.swift in Sources */ = {isa = PBXBuildFile; fileRef = E7CD1EF12E45DE4B00A88980 /* StoriesPreview.swift */; };
		E7CD1EFA2E45DE6200A88980 /* StoryPageView.swift in Sources */ = {isa = PBXBuildFile; fileRef = E7CD1EF92E45DE6000A88980 /* StoryPageView.swift */; };
		E7CD1F002E45DE6D00A88980 /* StoriesFlowView.swift in Sources */ = {isa = PBXBuildFile; fileRef = E7CD1EFD2E45DE6600A88980 /* StoriesFlowView.swift */; };
		E7CD1F052E45E06B00A88980 /* StoriesProvider.swift in Sources */ = {isa = PBXBuildFile; fileRef = E7CD1F042E45E06100A88980 /* StoriesProvider.swift */; };
		E7CD1F152E46537900A88980 /* ProgressSegmentView.swift in Sources */ = {isa = PBXBuildFile; fileRef = E7CD1F142E46537900A88980 /* ProgressSegmentView.swift */; };
		E7CD1F192E4653E700A88980 /* ProgressBarView.swift in Sources */ = {isa = PBXBuildFile; fileRef = E7CD1F182E4653E700A88980 /* ProgressBarView.swift */; };
		E7CD1F392E48DAB400A88980 /* StoriesPreviewCard.swift in Sources */ = {isa = PBXBuildFile; fileRef = E7CD1F382E48DAAD00A88980 /* StoriesPreviewCard.swift */; };
/* End PBXBuildFile section */

/* Begin PBXFileReference section */
		E71CA96A2E310DED000AFDE0 /* TravelSchedule.app */ = {isa = PBXFileReference; explicitFileType = wrapper.application; includeInIndex = 0; path = TravelSchedule.app; sourceTree = BUILT_PRODUCTS_DIR; };
		E71CA9782E310F45000AFDE0 /* Assets.xcassets */ = {isa = PBXFileReference; lastKnownFileType = folder.assetcatalog; path = Assets.xcassets; sourceTree = "<group>"; };
		E71CA9792E310F45000AFDE0 /* MainView.swift */ = {isa = PBXFileReference; lastKnownFileType = sourcecode.swift; path = MainView.swift; sourceTree = "<group>"; };
		E71CA97A2E310F45000AFDE0 /* TravelScheduleApp.swift */ = {isa = PBXFileReference; lastKnownFileType = sourcecode.swift; path = TravelScheduleApp.swift; sourceTree = "<group>"; };
		E71CA98E2E312185000AFDE0 /* openapi.yaml */ = {isa = PBXFileReference; lastKnownFileType = text.yaml; path = openapi.yaml; sourceTree = "<group>"; };
		E71CA9922E3121FB000AFDE0 /* openapi-generator-config.yaml */ = {isa = PBXFileReference; lastKnownFileType = text.yaml; path = "openapi-generator-config.yaml"; sourceTree = "<group>"; };
		E71CA9A22E312DE2000AFDE0 /* NearestStationsService.swift */ = {isa = PBXFileReference; lastKnownFileType = sourcecode.swift; path = NearestStationsService.swift; sourceTree = "<group>"; };
		E71CA9C42E32AFAF000AFDE0 /* CopyrightService.swift */ = {isa = PBXFileReference; lastKnownFileType = sourcecode.swift; path = CopyrightService.swift; sourceTree = "<group>"; };
		E71CA9D42E335537000AFDE0 /* AllStationsService.swift */ = {isa = PBXFileReference; lastKnownFileType = sourcecode.swift; path = AllStationsService.swift; sourceTree = "<group>"; };
		E71CAA092E3381D1000AFDE0 /* CarrierService.swift */ = {isa = PBXFileReference; lastKnownFileType = sourcecode.swift; path = CarrierService.swift; sourceTree = "<group>"; };
		E71CAA162E338D5C000AFDE0 /* NearestSettlementService.swift */ = {isa = PBXFileReference; lastKnownFileType = sourcecode.swift; path = NearestSettlementService.swift; sourceTree = "<group>"; };
		E71CAA212E33B1DD000AFDE0 /* ThreadService.swift */ = {isa = PBXFileReference; lastKnownFileType = sourcecode.swift; path = ThreadService.swift; sourceTree = "<group>"; };
		E71CAA272E33CCDC000AFDE0 /* ScheduleService.swift */ = {isa = PBXFileReference; lastKnownFileType = sourcecode.swift; path = ScheduleService.swift; sourceTree = "<group>"; };
		E71CAA322E33E82B000AFDE0 /* SearchService.swift */ = {isa = PBXFileReference; lastKnownFileType = sourcecode.swift; path = SearchService.swift; sourceTree = "<group>"; };
		E71CAA472E379068000AFDE0 /* APIKeyMiddleware.swift */ = {isa = PBXFileReference; lastKnownFileType = sourcecode.swift; path = APIKeyMiddleware.swift; sourceTree = "<group>"; };
		E74DCC612E39F68B00A0C415 /* LaunchScreen.storyboard */ = {isa = PBXFileReference; lastKnownFileType = file.storyboard; path = LaunchScreen.storyboard; sourceTree = "<group>"; };
		E74DCC8B2E3A115C00A0C415 /* SettingsView.swift */ = {isa = PBXFileReference; lastKnownFileType = sourcecode.swift; path = SettingsView.swift; sourceTree = "<group>"; };
		E74DCC942E3A133F00A0C415 /* ScheduleNavigationRootView.swift */ = {isa = PBXFileReference; lastKnownFileType = sourcecode.swift; path = ScheduleNavigationRootView.swift; sourceTree = "<group>"; };
		E74DCCA22E3A142A00A0C415 /* ScheduleNavigationViewModel.swift */ = {isa = PBXFileReference; lastKnownFileType = sourcecode.swift; path = ScheduleNavigationViewModel.swift; sourceTree = "<group>"; };
		E74DCCAF2E3A156900A0C415 /* TimeInterval.swift */ = {isa = PBXFileReference; lastKnownFileType = sourcecode.swift; path = TimeInterval.swift; sourceTree = "<group>"; };
		E7CB38862E3A291300099A59 /* LocationType.swift */ = {isa = PBXFileReference; lastKnownFileType = sourcecode.swift; path = LocationType.swift; sourceTree = "<group>"; };
		E7CB38AD2E3A327D00099A59 /* PageType.swift */ = {isa = PBXFileReference; lastKnownFileType = sourcecode.swift; path = PageType.swift; sourceTree = "<group>"; };
		E7CB391E2E3A56A100099A59 /* ChevronItemListView.swift */ = {isa = PBXFileReference; lastKnownFileType = sourcecode.swift; path = ChevronItemListView.swift; sourceTree = "<group>"; };
		E7CB396F2E3A9A0600099A59 /* CitySelectionView.swift */ = {isa = PBXFileReference; lastKnownFileType = sourcecode.swift; path = CitySelectionView.swift; sourceTree = "<group>"; };
		E7CB39742E3A9A0D00099A59 /* StationSelectionView.swift */ = {isa = PBXFileReference; lastKnownFileType = sourcecode.swift; path = StationSelectionView.swift; sourceTree = "<group>"; };
		E7CB39B52E3AB36600099A59 /* ThreadUIModel.swift */ = {isa = PBXFileReference; lastKnownFileType = sourcecode.swift; path = ThreadUIModel.swift; sourceTree = "<group>"; };
		E7CB39BB2E3AB40300099A59 /* ThreadSelectionView.swift */ = {isa = PBXFileReference; lastKnownFileType = sourcecode.swift; path = ThreadSelectionView.swift; sourceTree = "<group>"; };
		E7CB39DB2E3B343800099A59 /* NavigationBackButton.swift */ = {isa = PBXFileReference; lastKnownFileType = sourcecode.swift; path = NavigationBackButton.swift; sourceTree = "<group>"; };
		E7CB3A982E3B564800099A59 /* ThreadsViewModel.swift */ = {isa = PBXFileReference; lastKnownFileType = sourcecode.swift; path = ThreadsViewModel.swift; sourceTree = "<group>"; };
		E7CB3A9E2E3B567C00099A59 /* Thread.swift */ = {isa = PBXFileReference; lastKnownFileType = sourcecode.swift; path = Thread.swift; sourceTree = "<group>"; };
		E7CB3AA72E3B5BBF00099A59 /* Carrier.swift */ = {isa = PBXFileReference; lastKnownFileType = sourcecode.swift; path = Carrier.swift; sourceTree = "<group>"; };
		E7CB3AB92E3B5EEE00099A59 /* ThreadModelUIMapper.swift */ = {isa = PBXFileReference; lastKnownFileType = sourcecode.swift; path = ThreadModelUIMapper.swift; sourceTree = "<group>"; };
		E7CB3AD82E3B6CAF00099A59 /* TimeSpecifierView.swift */ = {isa = PBXFileReference; lastKnownFileType = sourcecode.swift; path = TimeSpecifierView.swift; sourceTree = "<group>"; };
		E7CB3AE22E3B6DEF00099A59 /* TimeIntervalUIMapper.swift */ = {isa = PBXFileReference; lastKnownFileType = sourcecode.swift; path = TimeIntervalUIMapper.swift; sourceTree = "<group>"; };
		E7CB3AEA2E3B6DFF00099A59 /* TimeIntervalUIModel.swift */ = {isa = PBXFileReference; lastKnownFileType = sourcecode.swift; path = TimeIntervalUIModel.swift; sourceTree = "<group>"; };
		E7CB3B1E2E3BEDF600099A59 /* CarrierDetailView.swift */ = {isa = PBXFileReference; lastKnownFileType = sourcecode.swift; path = CarrierDetailView.swift; sourceTree = "<group>"; };
		E7CB3B732E3CAC8100099A59 /* StationsAndCitiesProvider.swift */ = {isa = PBXFileReference; lastKnownFileType = sourcecode.swift; path = StationsAndCitiesProvider.swift; sourceTree = "<group>"; };
		E7CB3B8A2E3CB5D400099A59 /* City.swift */ = {isa = PBXFileReference; lastKnownFileType = sourcecode.swift; path = City.swift; sourceTree = "<group>"; };
		E7CB3B8E2E3CB5DA00099A59 /* Station.swift */ = {isa = PBXFileReference; lastKnownFileType = sourcecode.swift; path = Station.swift; sourceTree = "<group>"; };
		E7CB3B952E3CB9AF00099A59 /* APIStationsAndCitiesMapper.swift */ = {isa = PBXFileReference; lastKnownFileType = sourcecode.swift; path = APIStationsAndCitiesMapper.swift; sourceTree = "<group>"; };
		E7CB3B9E2E3CC3D700099A59 /* DataLoadingState.swift */ = {isa = PBXFileReference; lastKnownFileType = sourcecode.swift; path = DataLoadingState.swift; sourceTree = "<group>"; };
		E7CB3C092E3CFDB200099A59 /* ThreadsProvider.swift */ = {isa = PBXFileReference; lastKnownFileType = sourcecode.swift; path = ThreadsProvider.swift; sourceTree = "<group>"; };
		E7CB3C0D2E3D03A200099A59 /* APIThreadMapper.swift */ = {isa = PBXFileReference; lastKnownFileType = sourcecode.swift; path = APIThreadMapper.swift; sourceTree = "<group>"; };
		E7CB3C632E40CDEE00099A59 /* RelativeTimePoint.swift */ = {isa = PBXFileReference; lastKnownFileType = sourcecode.swift; path = RelativeTimePoint.swift; sourceTree = "<group>"; };
		E7CB3CA82E40FB3400099A59 /* DataFetchingError.swift */ = {isa = PBXFileReference; lastKnownFileType = sourcecode.swift; path = DataFetchingError.swift; sourceTree = "<group>"; };
		E7CB3D912E41ECD200099A59 /* ErrorView.swift */ = {isa = PBXFileReference; lastKnownFileType = sourcecode.swift; path = ErrorView.swift; sourceTree = "<group>"; };
		E7CD1ED02E45DDDA00A88980 /* StoriesMainVM.swift */ = {isa = PBXFileReference; lastKnownFileType = sourcecode.swift; path = StoriesMainVM.swift; sourceTree = "<group>"; };
		E7CD1ED32E45DDE200A88980 /* StoriesPreviewVM.swift */ = {isa = PBXFileReference; lastKnownFileType = sourcecode.swift; path = StoriesPreviewVM.swift; sourceTree = "<group>"; };
		E7CD1ED82E45DDEC00A88980 /* StoriesFlowVM.swift */ = {isa = PBXFileReference; lastKnownFileType = sourcecode.swift; path = StoriesFlowVM.swift; sourceTree = "<group>"; };
		E7CD1EE32E45DE2200A88980 /* Story.swift */ = {isa = PBXFileReference; lastKnownFileType = sourcecode.swift; path = Story.swift; sourceTree = "<group>"; };
		E7CD1EE72E45DE2700A88980 /* StoryPageContent.swift */ = {isa = PBXFileReference; lastKnownFileType = sourcecode.swift; path = StoryPageContent.swift; sourceTree = "<group>"; };
		E7CD1EEC2E45DE2F00A88980 /* StoryAuthor.swift */ = {isa = PBXFileReference; lastKnownFileType = sourcecode.swift; path = StoryAuthor.swift; sourceTree = "<group>"; };
		E7CD1EF12E45DE4B00A88980 /* StoriesPreview.swift */ = {isa = PBXFileReference; lastKnownFileType = sourcecode.swift; path = StoriesPreview.swift; sourceTree = "<group>"; };
		E7CD1EF92E45DE6000A88980 /* StoryPageView.swift */ = {isa = PBXFileReference; lastKnownFileType = sourcecode.swift; path = StoryPageView.swift; sourceTree = "<group>"; };
		E7CD1EFD2E45DE6600A88980 /* StoriesFlowView.swift */ = {isa = PBXFileReference; lastKnownFileType = sourcecode.swift; path = StoriesFlowView.swift; sourceTree = "<group>"; };
		E7CD1F042E45E06100A88980 /* StoriesProvider.swift */ = {isa = PBXFileReference; lastKnownFileType = sourcecode.swift; path = StoriesProvider.swift; sourceTree = "<group>"; };
		E7CD1F142E46537900A88980 /* ProgressSegmentView.swift */ = {isa = PBXFileReference; lastKnownFileType = sourcecode.swift; path = ProgressSegmentView.swift; sourceTree = "<group>"; };
		E7CD1F182E4653E700A88980 /* ProgressBarView.swift */ = {isa = PBXFileReference; lastKnownFileType = sourcecode.swift; path = ProgressBarView.swift; sourceTree = "<group>"; };
		E7CD1F382E48DAAD00A88980 /* StoriesPreviewCard.swift */ = {isa = PBXFileReference; lastKnownFileType = sourcecode.swift; path = StoriesPreviewCard.swift; sourceTree = "<group>"; };
/* End PBXFileReference section */

/* Begin PBXFrameworksBuildPhase section */
		E71CA9672E310DED000AFDE0 /* Frameworks */ = {
			isa = PBXFrameworksBuildPhase;
			buildActionMask = 2147483647;
			files = (
				E71CA9892E3118F4000AFDE0 /* OpenAPIURLSession in Frameworks */,
				E71CA9862E3118CF000AFDE0 /* OpenAPIRuntime in Frameworks */,
			);
			runOnlyForDeploymentPostprocessing = 0;
		};
/* End PBXFrameworksBuildPhase section */

/* Begin PBXGroup section */
		E71CA9612E310DED000AFDE0 = {
			isa = PBXGroup;
			children = (
				E71CA97B2E310F45000AFDE0 /* TravelSchedule */,
				E71CA96B2E310DED000AFDE0 /* Products */,
			);
			sourceTree = "<group>";
		};
		E71CA96B2E310DED000AFDE0 /* Products */ = {
			isa = PBXGroup;
			children = (
				E71CA96A2E310DED000AFDE0 /* TravelSchedule.app */,
			);
			name = Products;
			sourceTree = "<group>";
		};
		E71CA97B2E310F45000AFDE0 /* TravelSchedule */ = {
			isa = PBXGroup;
			children = (
				E71CA97A2E310F45000AFDE0 /* TravelScheduleApp.swift */,
				E71CA9792E310F45000AFDE0 /* MainView.swift */,
				E7CB3A2E2E3B536A00099A59 /* SettingsFlow */,
				E7CB3A232E3B535900099A59 /* ScheduleSelectionFlow */,
				E7CB397D2E3A9C3600099A59 /* ReusableViews */,
				E71CA9982E312C98000AFDE0 /* Services */,
				E71CA98C2E312162000AFDE0 /* Resources */,
			);
			path = TravelSchedule;
			sourceTree = "<group>";
		};
		E71CA98C2E312162000AFDE0 /* Resources */ = {
			isa = PBXGroup;
			children = (
				E71CA9782E310F45000AFDE0 /* Assets.xcassets */,
				E74DCC612E39F68B00A0C415 /* LaunchScreen.storyboard */,
				E71CA98D2E31217E000AFDE0 /* OpenAPI */,
			);
			path = Resources;
			sourceTree = "<group>";
		};
		E71CA98D2E31217E000AFDE0 /* OpenAPI */ = {
			isa = PBXGroup;
			children = (
				E71CA9922E3121FB000AFDE0 /* openapi-generator-config.yaml */,
				E71CA98E2E312185000AFDE0 /* openapi.yaml */,
			);
			path = OpenAPI;
			sourceTree = "<group>";
		};
		E71CA9982E312C98000AFDE0 /* Services */ = {
			isa = PBXGroup;
			children = (
				E7CB3AB82E3B5EE800099A59 /* Mappers */,
				E7CB3AAF2E3B5D9800099A59 /* Requests */,
			);
			path = Services;
			sourceTree = "<group>";
		};
		E7CB397D2E3A9C3600099A59 /* ReusableViews */ = {
			isa = PBXGroup;
			children = (
				E7CB3D912E41ECD200099A59 /* ErrorView.swift */,
				E7CB39DB2E3B343800099A59 /* NavigationBackButton.swift */,
				E7CB391E2E3A56A100099A59 /* ChevronItemListView.swift */,
			);
			path = ReusableViews;
			sourceTree = "<group>";
		};
		E7CB3A232E3B535900099A59 /* ScheduleSelectionFlow */ = {
			isa = PBXGroup;
			children = (
				E7CD1ECE2E45DDC000A88980 /* Stories */,
				E7CB3A722E3B542100099A59 /* NavigationRoot */,
				E7CB3A7F2E3B545400099A59 /* StationSelection */,
				E7CB3A7E2E3B544800099A59 /* CitySelection */,
				E7CB3A842E3B547100099A59 /* ThreadSelection */,
				E7CB3A422E3B53A300099A59 /* BasicModels */,
			);
			path = ScheduleSelectionFlow;
			sourceTree = "<group>";
		};
		E7CB3A2E2E3B536A00099A59 /* SettingsFlow */ = {
			isa = PBXGroup;
			children = (
				E74DCC8B2E3A115C00A0C415 /* SettingsView.swift */,
			);
			path = SettingsFlow;
			sourceTree = "<group>";
		};
		E7CB3A422E3B53A300099A59 /* BasicModels */ = {
			isa = PBXGroup;
			children = (
				E7CB3B8A2E3CB5D400099A59 /* City.swift */,
				E7CB3B8E2E3CB5DA00099A59 /* Station.swift */,
				E7CB3A9E2E3B567C00099A59 /* Thread.swift */,
				E7CB3AA72E3B5BBF00099A59 /* Carrier.swift */,
				E7CB3C632E40CDEE00099A59 /* RelativeTimePoint.swift */,
				E74DCCAF2E3A156900A0C415 /* TimeInterval.swift */,
				E7CB3B9E2E3CC3D700099A59 /* DataLoadingState.swift */,
			);
			path = BasicModels;
			sourceTree = "<group>";
		};
		E7CB3A722E3B542100099A59 /* NavigationRoot */ = {
			isa = PBXGroup;
			children = (
				E74DCCA22E3A142A00A0C415 /* ScheduleNavigationViewModel.swift */,
				E74DCC942E3A133F00A0C415 /* ScheduleNavigationRootView.swift */,
				E7CB3D2F2E413FD600099A59 /* Models */,
			);
			path = NavigationRoot;
			sourceTree = "<group>";
		};
		E7CB3A7E2E3B544800099A59 /* CitySelection */ = {
			isa = PBXGroup;
			children = (
				E7CB396F2E3A9A0600099A59 /* CitySelectionView.swift */,
			);
			path = CitySelection;
			sourceTree = "<group>";
		};
		E7CB3A7F2E3B545400099A59 /* StationSelection */ = {
			isa = PBXGroup;
			children = (
				E7CB39742E3A9A0D00099A59 /* StationSelectionView.swift */,
			);
			path = StationSelection;
			sourceTree = "<group>";
		};
		E7CB3A842E3B547100099A59 /* ThreadSelection */ = {
			isa = PBXGroup;
			children = (
				E7CB3A982E3B564800099A59 /* ThreadsViewModel.swift */,
				E7CB39BB2E3AB40300099A59 /* ThreadSelectionView.swift */,
				E7CB3AD82E3B6CAF00099A59 /* TimeSpecifierView.swift */,
				E7CB3B1E2E3BEDF600099A59 /* CarrierDetailView.swift */,
				E7CB3D262E413FC600099A59 /* Models */,
			);
			path = ThreadSelection;
			sourceTree = "<group>";
		};
		E7CB3AAF2E3B5D9800099A59 /* Requests */ = {
			isa = PBXGroup;
			children = (
				E7CB3CFA2E413ED700099A59 /* HighLevelServices */,
				E7CB3CEC2E413EAA00099A59 /* LowLevelServices */,
			);
			path = Requests;
			sourceTree = "<group>";
		};
		E7CB3AB82E3B5EE800099A59 /* Mappers */ = {
			isa = PBXGroup;
			children = (
				E7CB3D182E413F6A00099A59 /* APIModelsMappers */,
				E7CB3D0D2E413F0400099A59 /* UIModelsMappers */,
			);
			path = Mappers;
			sourceTree = "<group>";
		};
		E7CB3CEC2E413EAA00099A59 /* LowLevelServices */ = {
			isa = PBXGroup;
			children = (
				E71CA9A22E312DE2000AFDE0 /* NearestStationsService.swift */,
				E71CAA322E33E82B000AFDE0 /* SearchService.swift */,
				E71CAA272E33CCDC000AFDE0 /* ScheduleService.swift */,
				E71CAA212E33B1DD000AFDE0 /* ThreadService.swift */,
				E71CAA162E338D5C000AFDE0 /* NearestSettlementService.swift */,
				E71CAA092E3381D1000AFDE0 /* CarrierService.swift */,
				E71CA9D42E335537000AFDE0 /* AllStationsService.swift */,
				E71CA9C42E32AFAF000AFDE0 /* CopyrightService.swift */,
				E7CB3CF02E413EBB00099A59 /* MiddleWare */,
			);
			path = LowLevelServices;
			sourceTree = "<group>";
		};
		E7CB3CF02E413EBB00099A59 /* MiddleWare */ = {
			isa = PBXGroup;
			children = (
				E71CAA472E379068000AFDE0 /* APIKeyMiddleware.swift */,
			);
			path = MiddleWare;
			sourceTree = "<group>";
		};
		E7CB3CFA2E413ED700099A59 /* HighLevelServices */ = {
			isa = PBXGroup;
			children = (
				E7CB3C092E3CFDB200099A59 /* ThreadsProvider.swift */,
				E7CB3B732E3CAC8100099A59 /* StationsAndCitiesProvider.swift */,
				E7CB3D042E413EF500099A59 /* Models */,
			);
			path = HighLevelServices;
			sourceTree = "<group>";
		};
		E7CB3D042E413EF500099A59 /* Models */ = {
			isa = PBXGroup;
			children = (
				E7CB3CA82E40FB3400099A59 /* DataFetchingError.swift */,
			);
			path = Models;
			sourceTree = "<group>";
		};
		E7CB3D0D2E413F0400099A59 /* UIModelsMappers */ = {
			isa = PBXGroup;
			children = (
				E7CB3AE22E3B6DEF00099A59 /* TimeIntervalUIMapper.swift */,
				E7CB3AB92E3B5EEE00099A59 /* ThreadModelUIMapper.swift */,
			);
			path = UIModelsMappers;
			sourceTree = "<group>";
		};
		E7CB3D182E413F6A00099A59 /* APIModelsMappers */ = {
			isa = PBXGroup;
			children = (
				E7CB3C0D2E3D03A200099A59 /* APIThreadMapper.swift */,
				E7CB3B952E3CB9AF00099A59 /* APIStationsAndCitiesMapper.swift */,
			);
			path = APIModelsMappers;
			sourceTree = "<group>";
		};
		E7CB3D262E413FC600099A59 /* Models */ = {
			isa = PBXGroup;
			children = (
				E7CB39B52E3AB36600099A59 /* ThreadUIModel.swift */,
				E7CB3AEA2E3B6DFF00099A59 /* TimeIntervalUIModel.swift */,
			);
			path = Models;
			sourceTree = "<group>";
		};
		E7CB3D2F2E413FD600099A59 /* Models */ = {
			isa = PBXGroup;
			children = (
				E7CB38862E3A291300099A59 /* LocationType.swift */,
				E7CB38AD2E3A327D00099A59 /* PageType.swift */,
			);
			path = Models;
			sourceTree = "<group>";
		};
		E7CD1ECE2E45DDC000A88980 /* Stories */ = {
			isa = PBXGroup;
			children = (
				E7CD1F042E45E06100A88980 /* StoriesProvider.swift */,
				E7CD1EF02E45DE4600A88980 /* Views */,
				E7CD1EE22E45DE1900A88980 /* Models */,
				E7CD1ECF2E45DDD300A88980 /* ViewModels */,
			);
			path = Stories;
			sourceTree = "<group>";
		};
		E7CD1ECF2E45DDD300A88980 /* ViewModels */ = {
			isa = PBXGroup;
			children = (
				E7CD1ED82E45DDEC00A88980 /* StoriesFlowVM.swift */,
				E7CD1ED32E45DDE200A88980 /* StoriesPreviewVM.swift */,
				E7CD1ED02E45DDDA00A88980 /* StoriesMainVM.swift */,
			);
			path = ViewModels;
			sourceTree = "<group>";
		};
		E7CD1EE22E45DE1900A88980 /* Models */ = {
			isa = PBXGroup;
			children = (
				E7CD1EEC2E45DE2F00A88980 /* StoryAuthor.swift */,
				E7CD1EE72E45DE2700A88980 /* StoryPageContent.swift */,
				E7CD1EE32E45DE2200A88980 /* Story.swift */,
			);
			path = Models;
			sourceTree = "<group>";
		};
		E7CD1EF02E45DE4600A88980 /* Views */ = {
			isa = PBXGroup;
			children = (
				E7CD1EFD2E45DE6600A88980 /* StoriesFlowView.swift */,
				E7CD1EF92E45DE6000A88980 /* StoryPageView.swift */,
				E7CD1F0D2E46536E00A88980 /* ProgressBarView */,
				E7CD1EF12E45DE4B00A88980 /* StoriesPreview.swift */,
				E7CD1F382E48DAAD00A88980 /* StoriesPreviewCard.swift */,
			);
			path = Views;
			sourceTree = "<group>";
		};
		E7CD1F0D2E46536E00A88980 /* ProgressBarView */ = {
			isa = PBXGroup;
			children = (
				E7CD1F182E4653E700A88980 /* ProgressBarView.swift */,
				E7CD1F142E46537900A88980 /* ProgressSegmentView.swift */,
			);
			path = ProgressBarView;
			sourceTree = "<group>";
		};
/* End PBXGroup section */

/* Begin PBXNativeTarget section */
		E71CA9692E310DED000AFDE0 /* TravelSchedule */ = {
			isa = PBXNativeTarget;
			buildConfigurationList = E71CA9752E310DEF000AFDE0 /* Build configuration list for PBXNativeTarget "TravelSchedule" */;
			buildPhases = (
				E71CA9662E310DED000AFDE0 /* Sources */,
				E71CA9672E310DED000AFDE0 /* Frameworks */,
				E71CA9682E310DED000AFDE0 /* Resources */,
			);
			buildRules = (
			);
			dependencies = (
				E71CA98B2E311A99000AFDE0 /* PBXTargetDependency */,
			);
			name = TravelSchedule;
			packageProductDependencies = (
				E71CA9852E3118CF000AFDE0 /* OpenAPIRuntime */,
				E71CA9882E3118F4000AFDE0 /* OpenAPIURLSession */,
			);
			productName = TravelSchedule;
			productReference = E71CA96A2E310DED000AFDE0 /* TravelSchedule.app */;
			productType = "com.apple.product-type.application";
		};
/* End PBXNativeTarget section */

/* Begin PBXProject section */
		E71CA9622E310DED000AFDE0 /* Project object */ = {
			isa = PBXProject;
			attributes = {
				BuildIndependentTargetsInParallel = 1;
				LastSwiftUpdateCheck = 1630;
				LastUpgradeCheck = 1630;
				TargetAttributes = {
					E71CA9692E310DED000AFDE0 = {
						CreatedOnToolsVersion = 16.3;
					};
				};
			};
			buildConfigurationList = E71CA9652E310DED000AFDE0 /* Build configuration list for PBXProject "TravelSchedule" */;
			developmentRegion = en;
			hasScannedForEncodings = 0;
			knownRegions = (
				en,
				Base,
			);
			mainGroup = E71CA9612E310DED000AFDE0;
			minimizedProjectReferenceProxies = 1;
			packageReferences = (
				E71CA97F2E311851000AFDE0 /* XCRemoteSwiftPackageReference "swift-openapi-generator" */,
				E71CA9842E3118CF000AFDE0 /* XCRemoteSwiftPackageReference "swift-openapi-runtime" */,
				E71CA9872E3118F4000AFDE0 /* XCRemoteSwiftPackageReference "swift-openapi-urlsession" */,
			);
			preferredProjectObjectVersion = 77;
			productRefGroup = E71CA96B2E310DED000AFDE0 /* Products */;
			projectDirPath = "";
			projectRoot = "";
			targets = (
				E71CA9692E310DED000AFDE0 /* TravelSchedule */,
			);
		};
/* End PBXProject section */

/* Begin PBXResourcesBuildPhase section */
		E71CA9682E310DED000AFDE0 /* Resources */ = {
			isa = PBXResourcesBuildPhase;
			buildActionMask = 2147483647;
			files = (
				E71CA97C2E310F45000AFDE0 /* Assets.xcassets in Resources */,
				E74DCC622E39F68B00A0C415 /* LaunchScreen.storyboard in Resources */,
				E71CA98F2E312190000AFDE0 /* openapi.yaml in Resources */,
				E71CA9932E312200000AFDE0 /* openapi-generator-config.yaml in Resources */,
			);
			runOnlyForDeploymentPostprocessing = 0;
		};
/* End PBXResourcesBuildPhase section */

/* Begin PBXSourcesBuildPhase section */
		E71CA9662E310DED000AFDE0 /* Sources */ = {
			isa = PBXSourcesBuildPhase;
			buildActionMask = 2147483647;
			files = (
				E7CB3AA82E3B5BC100099A59 /* Carrier.swift in Sources */,
				E7CB39712E3A9A0A00099A59 /* CitySelectionView.swift in Sources */,
				E7CB3A9F2E3B568100099A59 /* Thread.swift in Sources */,
				E7CB39772E3A9A1100099A59 /* StationSelectionView.swift in Sources */,
				E7CD1F392E48DAB400A88980 /* StoriesPreviewCard.swift in Sources */,
				E7CD1EEA2E45DE2C00A88980 /* StoryPageContent.swift in Sources */,
				E71CAA172E338D67000AFDE0 /* NearestSettlementService.swift in Sources */,
				E7CD1F052E45E06B00A88980 /* StoriesProvider.swift in Sources */,
				E7CB3B742E3CAC8800099A59 /* StationsAndCitiesProvider.swift in Sources */,
				E7CB3CA92E40FB3900099A59 /* DataFetchingError.swift in Sources */,
				E7CB3B8F2E3CB5DC00099A59 /* Station.swift in Sources */,
				E71CAA0D2E3381D8000AFDE0 /* CarrierService.swift in Sources */,
				E71CA97D2E310F45000AFDE0 /* MainView.swift in Sources */,
				E7CD1EDB2E45DDF800A88980 /* StoriesFlowVM.swift in Sources */,
				E71CAA282E33CCE1000AFDE0 /* ScheduleService.swift in Sources */,
				E7CB3B212E3BEE0100099A59 /* CarrierDetailView.swift in Sources */,
				E71CA97E2E310F45000AFDE0 /* TravelScheduleApp.swift in Sources */,
				E7CB3B962E3CB9BA00099A59 /* APIStationsAndCitiesMapper.swift in Sources */,
				E71CA9D82E33553D000AFDE0 /* AllStationsService.swift in Sources */,
				E7CB3B9F2E3CC3DD00099A59 /* DataLoadingState.swift in Sources */,
				E74DCCA62E3A142E00A0C415 /* ScheduleNavigationViewModel.swift in Sources */,
				E7CD1ED12E45DDDF00A88980 /* StoriesMainVM.swift in Sources */,
				E7CB3AE52E3B6DF400099A59 /* TimeIntervalUIMapper.swift in Sources */,
				E7CB3ABA2E3B5EF400099A59 /* ThreadModelUIMapper.swift in Sources */,
				E7CB39DF2E3B343E00099A59 /* NavigationBackButton.swift in Sources */,
				E71CA9A32E312DEA000AFDE0 /* NearestStationsService.swift in Sources */,
				E7CD1ED62E45DDE800A88980 /* StoriesPreviewVM.swift in Sources */,
				E71CAA4B2E379072000AFDE0 /* APIKeyMiddleware.swift in Sources */,
				E7CB39BF2E3AB40900099A59 /* ThreadSelectionView.swift in Sources */,
				E7CB39222E3A56C100099A59 /* ChevronItemListView.swift in Sources */,
				E7CB3AEB2E3B6E0400099A59 /* TimeIntervalUIModel.swift in Sources */,
				E71CAA332E33E833000AFDE0 /* SearchService.swift in Sources */,
				E7CB388A2E3A296C00099A59 /* LocationType.swift in Sources */,
				E7CB3C642E40CDFA00099A59 /* RelativeTimePoint.swift in Sources */,
				E7CD1EEE2E45DE3900A88980 /* StoryAuthor.swift in Sources */,
				E74DCC982E3A134D00A0C415 /* ScheduleNavigationRootView.swift in Sources */,
				E7CB3D922E41ECD500099A59 /* ErrorView.swift in Sources */,
				E7CD1EE42E45DE2400A88980 /* Story.swift in Sources */,
				E7CD1F192E4653E700A88980 /* ProgressBarView.swift in Sources */,
				E74DCC8D2E3A115E00A0C415 /* SettingsView.swift in Sources */,
				E7CB3B8B2E3CB5D700099A59 /* City.swift in Sources */,
				E7CB3A9B2E3B564F00099A59 /* ThreadsViewModel.swift in Sources */,
				E7CB38AE2E3A327D00099A59 /* PageType.swift in Sources */,
				E7CD1F152E46537900A88980 /* ProgressSegmentView.swift in Sources */,
				E74DCCB02E3A157100A0C415 /* TimeInterval.swift in Sources */,
				E7CB3C0A2E3CFDBC00099A59 /* ThreadsProvider.swift in Sources */,
				E71CA9C52E32AFB6000AFDE0 /* CopyrightService.swift in Sources */,
				E7CD1F002E45DE6D00A88980 /* StoriesFlowView.swift in Sources */,
				E7CD1EF22E45DE5000A88980 /* StoriesPreview.swift in Sources */,
				E7CB3ADA2E3B6CBB00099A59 /* TimeSpecifierView.swift in Sources */,
				E7CB3C0E2E3D03AA00099A59 /* APIThreadMapper.swift in Sources */,
				E7CB39B62E3AB37500099A59 /* ThreadUIModel.swift in Sources */,
				E7CD1EFA2E45DE6200A88980 /* StoryPageView.swift in Sources */,
				E71CAA222E33B1E1000AFDE0 /* ThreadService.swift in Sources */,
			);
			runOnlyForDeploymentPostprocessing = 0;
		};
/* End PBXSourcesBuildPhase section */

/* Begin PBXTargetDependency section */
		E71CA98B2E311A99000AFDE0 /* PBXTargetDependency */ = {
			isa = PBXTargetDependency;
			productRef = E71CA98A2E311A99000AFDE0 /* OpenAPIGenerator */;
		};
/* End PBXTargetDependency section */

/* Begin XCBuildConfiguration section */
		E71CA9732E310DEF000AFDE0 /* Debug */ = {
			isa = XCBuildConfiguration;
			buildSettings = {
				ALWAYS_SEARCH_USER_PATHS = NO;
				ASSETCATALOG_COMPILER_GENERATE_SWIFT_ASSET_SYMBOL_EXTENSIONS = YES;
				CLANG_ANALYZER_NONNULL = YES;
				CLANG_ANALYZER_NUMBER_OBJECT_CONVERSION = YES_AGGRESSIVE;
				CLANG_CXX_LANGUAGE_STANDARD = "gnu++20";
				CLANG_ENABLE_MODULES = YES;
				CLANG_ENABLE_OBJC_ARC = YES;
				CLANG_ENABLE_OBJC_WEAK = YES;
				CLANG_WARN_BLOCK_CAPTURE_AUTORELEASING = YES;
				CLANG_WARN_BOOL_CONVERSION = YES;
				CLANG_WARN_COMMA = YES;
				CLANG_WARN_CONSTANT_CONVERSION = YES;
				CLANG_WARN_DEPRECATED_OBJC_IMPLEMENTATIONS = YES;
				CLANG_WARN_DIRECT_OBJC_ISA_USAGE = YES_ERROR;
				CLANG_WARN_DOCUMENTATION_COMMENTS = YES;
				CLANG_WARN_EMPTY_BODY = YES;
				CLANG_WARN_ENUM_CONVERSION = YES;
				CLANG_WARN_INFINITE_RECURSION = YES;
				CLANG_WARN_INT_CONVERSION = YES;
				CLANG_WARN_NON_LITERAL_NULL_CONVERSION = YES;
				CLANG_WARN_OBJC_IMPLICIT_RETAIN_SELF = YES;
				CLANG_WARN_OBJC_LITERAL_CONVERSION = YES;
				CLANG_WARN_OBJC_ROOT_CLASS = YES_ERROR;
				CLANG_WARN_QUOTED_INCLUDE_IN_FRAMEWORK_HEADER = YES;
				CLANG_WARN_RANGE_LOOP_ANALYSIS = YES;
				CLANG_WARN_STRICT_PROTOTYPES = YES;
				CLANG_WARN_SUSPICIOUS_MOVE = YES;
				CLANG_WARN_UNGUARDED_AVAILABILITY = YES_AGGRESSIVE;
				CLANG_WARN_UNREACHABLE_CODE = YES;
				CLANG_WARN__DUPLICATE_METHOD_MATCH = YES;
				COPY_PHASE_STRIP = NO;
				DEBUG_INFORMATION_FORMAT = dwarf;
				DEVELOPMENT_TEAM = 49WN9PMT22;
				ENABLE_STRICT_OBJC_MSGSEND = YES;
				ENABLE_TESTABILITY = YES;
				ENABLE_USER_SCRIPT_SANDBOXING = YES;
				GCC_C_LANGUAGE_STANDARD = gnu17;
				GCC_DYNAMIC_NO_PIC = NO;
				GCC_NO_COMMON_BLOCKS = YES;
				GCC_OPTIMIZATION_LEVEL = 0;
				GCC_PREPROCESSOR_DEFINITIONS = (
					"DEBUG=1",
					"$(inherited)",
				);
				GCC_WARN_64_TO_32_BIT_CONVERSION = YES;
				GCC_WARN_ABOUT_RETURN_TYPE = YES_ERROR;
				GCC_WARN_UNDECLARED_SELECTOR = YES;
				GCC_WARN_UNINITIALIZED_AUTOS = YES_AGGRESSIVE;
				GCC_WARN_UNUSED_FUNCTION = YES;
				GCC_WARN_UNUSED_VARIABLE = YES;
				IPHONEOS_DEPLOYMENT_TARGET = 17.6;
				LOCALIZATION_PREFERS_STRING_CATALOGS = YES;
				MTL_ENABLE_DEBUG_INFO = INCLUDE_SOURCE;
				MTL_FAST_MATH = YES;
				ONLY_ACTIVE_ARCH = YES;
				SDKROOT = iphoneos;
				SWIFT_ACTIVE_COMPILATION_CONDITIONS = "DEBUG $(inherited)";
				SWIFT_OPTIMIZATION_LEVEL = "-Onone";
			};
			name = Debug;
		};
		E71CA9742E310DEF000AFDE0 /* Release */ = {
			isa = XCBuildConfiguration;
			buildSettings = {
				ALWAYS_SEARCH_USER_PATHS = NO;
				ASSETCATALOG_COMPILER_GENERATE_SWIFT_ASSET_SYMBOL_EXTENSIONS = YES;
				CLANG_ANALYZER_NONNULL = YES;
				CLANG_ANALYZER_NUMBER_OBJECT_CONVERSION = YES_AGGRESSIVE;
				CLANG_CXX_LANGUAGE_STANDARD = "gnu++20";
				CLANG_ENABLE_MODULES = YES;
				CLANG_ENABLE_OBJC_ARC = YES;
				CLANG_ENABLE_OBJC_WEAK = YES;
				CLANG_WARN_BLOCK_CAPTURE_AUTORELEASING = YES;
				CLANG_WARN_BOOL_CONVERSION = YES;
				CLANG_WARN_COMMA = YES;
				CLANG_WARN_CONSTANT_CONVERSION = YES;
				CLANG_WARN_DEPRECATED_OBJC_IMPLEMENTATIONS = YES;
				CLANG_WARN_DIRECT_OBJC_ISA_USAGE = YES_ERROR;
				CLANG_WARN_DOCUMENTATION_COMMENTS = YES;
				CLANG_WARN_EMPTY_BODY = YES;
				CLANG_WARN_ENUM_CONVERSION = YES;
				CLANG_WARN_INFINITE_RECURSION = YES;
				CLANG_WARN_INT_CONVERSION = YES;
				CLANG_WARN_NON_LITERAL_NULL_CONVERSION = YES;
				CLANG_WARN_OBJC_IMPLICIT_RETAIN_SELF = YES;
				CLANG_WARN_OBJC_LITERAL_CONVERSION = YES;
				CLANG_WARN_OBJC_ROOT_CLASS = YES_ERROR;
				CLANG_WARN_QUOTED_INCLUDE_IN_FRAMEWORK_HEADER = YES;
				CLANG_WARN_RANGE_LOOP_ANALYSIS = YES;
				CLANG_WARN_STRICT_PROTOTYPES = YES;
				CLANG_WARN_SUSPICIOUS_MOVE = YES;
				CLANG_WARN_UNGUARDED_AVAILABILITY = YES_AGGRESSIVE;
				CLANG_WARN_UNREACHABLE_CODE = YES;
				CLANG_WARN__DUPLICATE_METHOD_MATCH = YES;
				COPY_PHASE_STRIP = NO;
				DEBUG_INFORMATION_FORMAT = "dwarf-with-dsym";
				DEVELOPMENT_TEAM = 49WN9PMT22;
				ENABLE_NS_ASSERTIONS = NO;
				ENABLE_STRICT_OBJC_MSGSEND = YES;
				ENABLE_USER_SCRIPT_SANDBOXING = YES;
				GCC_C_LANGUAGE_STANDARD = gnu17;
				GCC_NO_COMMON_BLOCKS = YES;
				GCC_WARN_64_TO_32_BIT_CONVERSION = YES;
				GCC_WARN_ABOUT_RETURN_TYPE = YES_ERROR;
				GCC_WARN_UNDECLARED_SELECTOR = YES;
				GCC_WARN_UNINITIALIZED_AUTOS = YES_AGGRESSIVE;
				GCC_WARN_UNUSED_FUNCTION = YES;
				GCC_WARN_UNUSED_VARIABLE = YES;
				IPHONEOS_DEPLOYMENT_TARGET = 17.6;
				LOCALIZATION_PREFERS_STRING_CATALOGS = YES;
				MTL_ENABLE_DEBUG_INFO = NO;
				MTL_FAST_MATH = YES;
				SDKROOT = iphoneos;
				SWIFT_COMPILATION_MODE = wholemodule;
				VALIDATE_PRODUCT = YES;
			};
			name = Release;
		};
		E71CA9762E310DEF000AFDE0 /* Debug */ = {
			isa = XCBuildConfiguration;
			buildSettings = {
				ASSETCATALOG_COMPILER_APPICON_NAME = AppIcon;
				ASSETCATALOG_COMPILER_GLOBAL_ACCENT_COLOR_NAME = AccentColor;
				CODE_SIGN_STYLE = Automatic;
				CURRENT_PROJECT_VERSION = 1;
				DEVELOPMENT_TEAM = 49WN9PMT22;
				ENABLE_PREVIEWS = YES;
				GENERATE_INFOPLIST_FILE = YES;
				INFOPLIST_KEY_UIApplicationSceneManifest_Generation = YES;
				INFOPLIST_KEY_UIApplicationSupportsIndirectInputEvents = YES;
				INFOPLIST_KEY_UILaunchScreen_Generation = YES;
				INFOPLIST_KEY_UILaunchStoryboardName = LaunchScreen;
				INFOPLIST_KEY_UISupportedInterfaceOrientations = UIInterfaceOrientationPortrait;
				INFOPLIST_KEY_UISupportedInterfaceOrientations_iPad = "UIInterfaceOrientationLandscapeLeft UIInterfaceOrientationLandscapeRight UIInterfaceOrientationPortrait UIInterfaceOrientationPortraitUpsideDown";
				IPHONEOS_DEPLOYMENT_TARGET = 17.6;
				LD_RUNPATH_SEARCH_PATHS = (
					"$(inherited)",
					"@executable_path/Frameworks",
				);
				MARKETING_VERSION = 1.0;
				PRODUCT_BUNDLE_IDENTIFIER = "my-test-team.TravelSchedule";
				PRODUCT_NAME = "$(TARGET_NAME)";
				SUPPORTED_PLATFORMS = "iphoneos iphonesimulator";
				SUPPORTS_MACCATALYST = NO;
				SUPPORTS_MAC_DESIGNED_FOR_IPHONE_IPAD = NO;
				SUPPORTS_XR_DESIGNED_FOR_IPHONE_IPAD = NO;
				SWIFT_EMIT_LOC_STRINGS = YES;
				SWIFT_VERSION = 5.0;
				TARGETED_DEVICE_FAMILY = 1;
			};
			name = Debug;
		};
		E71CA9772E310DEF000AFDE0 /* Release */ = {
			isa = XCBuildConfiguration;
			buildSettings = {
				ASSETCATALOG_COMPILER_APPICON_NAME = AppIcon;
				ASSETCATALOG_COMPILER_GLOBAL_ACCENT_COLOR_NAME = AccentColor;
				CODE_SIGN_STYLE = Automatic;
				CURRENT_PROJECT_VERSION = 1;
				DEVELOPMENT_TEAM = 49WN9PMT22;
				ENABLE_PREVIEWS = YES;
				GENERATE_INFOPLIST_FILE = YES;
				INFOPLIST_KEY_UIApplicationSceneManifest_Generation = YES;
				INFOPLIST_KEY_UIApplicationSupportsIndirectInputEvents = YES;
				INFOPLIST_KEY_UILaunchScreen_Generation = YES;
				INFOPLIST_KEY_UILaunchStoryboardName = LaunchScreen;
				INFOPLIST_KEY_UISupportedInterfaceOrientations = UIInterfaceOrientationPortrait;
				INFOPLIST_KEY_UISupportedInterfaceOrientations_iPad = "UIInterfaceOrientationLandscapeLeft UIInterfaceOrientationLandscapeRight UIInterfaceOrientationPortrait UIInterfaceOrientationPortraitUpsideDown";
				IPHONEOS_DEPLOYMENT_TARGET = 17.6;
				LD_RUNPATH_SEARCH_PATHS = (
					"$(inherited)",
					"@executable_path/Frameworks",
				);
				MARKETING_VERSION = 1.0;
				PRODUCT_BUNDLE_IDENTIFIER = "my-test-team.TravelSchedule";
				PRODUCT_NAME = "$(TARGET_NAME)";
				SUPPORTED_PLATFORMS = "iphoneos iphonesimulator";
				SUPPORTS_MACCATALYST = NO;
				SUPPORTS_MAC_DESIGNED_FOR_IPHONE_IPAD = NO;
				SUPPORTS_XR_DESIGNED_FOR_IPHONE_IPAD = NO;
				SWIFT_EMIT_LOC_STRINGS = YES;
				SWIFT_VERSION = 5.0;
				TARGETED_DEVICE_FAMILY = 1;
			};
			name = Release;
		};
/* End XCBuildConfiguration section */

/* Begin XCConfigurationList section */
		E71CA9652E310DED000AFDE0 /* Build configuration list for PBXProject "TravelSchedule" */ = {
			isa = XCConfigurationList;
			buildConfigurations = (
				E71CA9732E310DEF000AFDE0 /* Debug */,
				E71CA9742E310DEF000AFDE0 /* Release */,
			);
			defaultConfigurationIsVisible = 0;
			defaultConfigurationName = Release;
		};
		E71CA9752E310DEF000AFDE0 /* Build configuration list for PBXNativeTarget "TravelSchedule" */ = {
			isa = XCConfigurationList;
			buildConfigurations = (
				E71CA9762E310DEF000AFDE0 /* Debug */,
				E71CA9772E310DEF000AFDE0 /* Release */,
			);
			defaultConfigurationIsVisible = 0;
			defaultConfigurationName = Release;
		};
/* End XCConfigurationList section */

/* Begin XCRemoteSwiftPackageReference section */
		E71CA97F2E311851000AFDE0 /* XCRemoteSwiftPackageReference "swift-openapi-generator" */ = {
			isa = XCRemoteSwiftPackageReference;
			repositoryURL = "https://github.com/apple/swift-openapi-generator";
			requirement = {
				kind = exactVersion;
				version = 1.10.0;
			};
		};
		E71CA9842E3118CF000AFDE0 /* XCRemoteSwiftPackageReference "swift-openapi-runtime" */ = {
			isa = XCRemoteSwiftPackageReference;
			repositoryURL = "https://github.com/apple/swift-openapi-runtime/";
			requirement = {
				kind = exactVersion;
				version = 1.8.2;
			};
		};
		E71CA9872E3118F4000AFDE0 /* XCRemoteSwiftPackageReference "swift-openapi-urlsession" */ = {
			isa = XCRemoteSwiftPackageReference;
			repositoryURL = "https://github.com/apple/swift-openapi-urlsession";
			requirement = {
				kind = exactVersion;
				version = 1.1.0;
			};
		};
/* End XCRemoteSwiftPackageReference section */

/* Begin XCSwiftPackageProductDependency section */
		E71CA9852E3118CF000AFDE0 /* OpenAPIRuntime */ = {
			isa = XCSwiftPackageProductDependency;
			package = E71CA9842E3118CF000AFDE0 /* XCRemoteSwiftPackageReference "swift-openapi-runtime" */;
			productName = OpenAPIRuntime;
		};
		E71CA9882E3118F4000AFDE0 /* OpenAPIURLSession */ = {
			isa = XCSwiftPackageProductDependency;
			package = E71CA9872E3118F4000AFDE0 /* XCRemoteSwiftPackageReference "swift-openapi-urlsession" */;
			productName = OpenAPIURLSession;
		};
		E71CA98A2E311A99000AFDE0 /* OpenAPIGenerator */ = {
			isa = XCSwiftPackageProductDependency;
			package = E71CA97F2E311851000AFDE0 /* XCRemoteSwiftPackageReference "swift-openapi-generator" */;
			productName = "plugin:OpenAPIGenerator";
		};
/* End XCSwiftPackageProductDependency section */
	};
	rootObject = E71CA9622E310DED000AFDE0 /* Project object */;
}
